<?xml version="1.0" encoding="utf-8"?>
<Project ToolsVersion="4.0" xmlns="http://schemas.microsoft.com/developer/msbuild/2003">
  <ItemGroup>
    <Filter Include="Source Files">
      <UniqueIdentifier>{4FC737F1-C7A5-4376-A066-2A32D752A2FF}</UniqueIdentifier>
      <Extensions>cpp;c;cc;cxx;c++;cppm;ixx;def;odl;idl;hpj;bat;asm;asmx</Extensions>
    </Filter>
    <Filter Include="Header Files">
      <UniqueIdentifier>{93995380-89BD-4b04-88EB-625FBE52EBFB}</UniqueIdentifier>
      <Extensions>h;hh;hpp;hxx;h++;hm;inl;inc;ipp;xsd</Extensions>
    </Filter>
    <Filter Include="Resource Files">
      <UniqueIdentifier>{67DA6AB6-F800-4c08-8B7A-83BB121AAD01}</UniqueIdentifier>
      <Extensions>rc;ico;cur;bmp;dlg;rc2;rct;bin;rgs;gif;jpg;jpeg;jpe;resx;tiff;tif;png;wav;mfcribbon-ms</Extensions>
    </Filter>
  </ItemGroup>
  <ItemGroup>
    <ClCompile Include="main.cpp">
      <Filter>Source Files</Filter>
    </ClCompile>
  </ItemGroup>
  <ItemGroup>
    <ClInclude Include="lief\include\LIEF\Abstract\Binary.hpp">
      <Filter>Header Files</Filter>
    </ClInclude>
    <ClInclude Include="lief\include\LIEF\Abstract\enums.hpp">
      <Filter>Header Files</Filter>
    </ClInclude>
    <ClInclude Include="lief\include\LIEF\Abstract\EnumToString.hpp">
      <Filter>Header Files</Filter>
    </ClInclude>
    <ClInclude Include="lief\include\LIEF\Abstract\Function.hpp">
      <Filter>Header Files</Filter>
    </ClInclude>
    <ClInclude Include="lief\include\LIEF\Abstract\hash.hpp">
      <Filter>Header Files</Filter>
    </ClInclude>
    <ClInclude Include="lief\include\LIEF\Abstract\Header.hpp">
      <Filter>Header Files</Filter>
    </ClInclude>
    <ClInclude Include="lief\include\LIEF\Abstract\json.hpp">
      <Filter>Header Files</Filter>
    </ClInclude>
    <ClInclude Include="lief\include\LIEF\Abstract\Parser.hpp">
      <Filter>Header Files</Filter>
    </ClInclude>
    <ClInclude Include="lief\include\LIEF\Abstract\Relocation.hpp">
      <Filter>Header Files</Filter>
    </ClInclude>
    <ClInclude Include="lief\include\LIEF\Abstract\Section.hpp">
      <Filter>Header Files</Filter>
    </ClInclude>
    <ClInclude Include="lief\include\LIEF\Abstract\Symbol.hpp">
      <Filter>Header Files</Filter>
    </ClInclude>
    <ClInclude Include="lief\include\LIEF\Abstract\type_traits.hpp">
      <Filter>Header Files</Filter>
    </ClInclude>
    <ClInclude Include="lief\include\LIEF\ART\enums.hpp">
      <Filter>Header Files</Filter>
    </ClInclude>
    <ClInclude Include="lief\include\LIEF\ART\EnumToString.hpp">
      <Filter>Header Files</Filter>
    </ClInclude>
    <ClInclude Include="lief\include\LIEF\ART\File.hpp">
      <Filter>Header Files</Filter>
    </ClInclude>
    <ClInclude Include="lief\include\LIEF\ART\hash.hpp">
      <Filter>Header Files</Filter>
    </ClInclude>
    <ClInclude Include="lief\include\LIEF\ART\Header.hpp">
      <Filter>Header Files</Filter>
    </ClInclude>
    <ClInclude Include="lief\include\LIEF\ART\java_structures.hpp">
      <Filter>Header Files</Filter>
    </ClInclude>
    <ClInclude Include="lief\include\LIEF\ART\json.hpp">
      <Filter>Header Files</Filter>
    </ClInclude>
    <ClInclude Include="lief\include\LIEF\ART\Parser.hpp">
      <Filter>Header Files</Filter>
    </ClInclude>
    <ClInclude Include="lief\include\LIEF\ART\Structures.hpp">
      <Filter>Header Files</Filter>
    </ClInclude>
    <ClInclude Include="lief\include\LIEF\ART\type_traits.hpp">
      <Filter>Header Files</Filter>
    </ClInclude>
    <ClInclude Include="lief\include\LIEF\ART\utils.hpp">
      <Filter>Header Files</Filter>
    </ClInclude>
    <ClInclude Include="lief\include\LIEF\BinaryStream\BinaryStream.hpp">
      <Filter>Header Files</Filter>
    </ClInclude>
    <ClInclude Include="lief\include\LIEF\BinaryStream\Convert.hpp">
      <Filter>Header Files</Filter>
    </ClInclude>
    <ClInclude Include="lief\include\LIEF\BinaryStream\VectorStream.hpp">
      <Filter>Header Files</Filter>
    </ClInclude>
    <ClInclude Include="lief\include\LIEF\DEX\Class.hpp">
      <Filter>Header Files</Filter>
    </ClInclude>
    <ClInclude Include="lief\include\LIEF\DEX\CodeInfo.hpp">
      <Filter>Header Files</Filter>
    </ClInclude>
    <ClInclude Include="lief\include\LIEF\DEX\enums.hpp">
      <Filter>Header Files</Filter>
    </ClInclude>
    <ClInclude Include="lief\include\LIEF\DEX\EnumToString.hpp">
      <Filter>Header Files</Filter>
    </ClInclude>
    <ClInclude Include="lief\include\LIEF\DEX\File.hpp">
      <Filter>Header Files</Filter>
    </ClInclude>
    <ClInclude Include="lief\include\LIEF\DEX\hash.hpp">
      <Filter>Header Files</Filter>
    </ClInclude>
    <ClInclude Include="lief\include\LIEF\DEX\Header.hpp">
      <Filter>Header Files</Filter>
    </ClInclude>
    <ClInclude Include="lief\include\LIEF\DEX\instructions.hpp">
      <Filter>Header Files</Filter>
    </ClInclude>
    <ClInclude Include="lief\include\LIEF\DEX\json.hpp">
      <Filter>Header Files</Filter>
    </ClInclude>
    <ClInclude Include="lief\include\LIEF\DEX\MapItem.hpp">
      <Filter>Header Files</Filter>
    </ClInclude>
    <ClInclude Include="lief\include\LIEF\DEX\MapList.hpp">
      <Filter>Header Files</Filter>
    </ClInclude>
    <ClInclude Include="lief\include\LIEF\DEX\Method.hpp">
      <Filter>Header Files</Filter>
    </ClInclude>
    <ClInclude Include="lief\include\LIEF\DEX\Parser.hpp">
      <Filter>Header Files</Filter>
    </ClInclude>
    <ClInclude Include="lief\include\LIEF\DEX\Prototype.hpp">
      <Filter>Header Files</Filter>
    </ClInclude>
    <ClInclude Include="lief\include\LIEF\DEX\Structures.hpp">
      <Filter>Header Files</Filter>
    </ClInclude>
    <ClInclude Include="lief\include\LIEF\DEX\Type.hpp">
      <Filter>Header Files</Filter>
    </ClInclude>
    <ClInclude Include="lief\include\LIEF\DEX\type_traits.hpp">
      <Filter>Header Files</Filter>
    </ClInclude>
    <ClInclude Include="lief\include\LIEF\DEX\utils.hpp">
      <Filter>Header Files</Filter>
    </ClInclude>
    <ClInclude Include="lief\include\LIEF\DWARF\enums.hpp">
      <Filter>Header Files</Filter>
    </ClInclude>
    <ClInclude Include="lief\include\LIEF\ELF\DataHandler\Handler.hpp">
      <Filter>Header Files</Filter>
    </ClInclude>
    <ClInclude Include="lief\include\LIEF\ELF\DataHandler\Node.hpp">
      <Filter>Header Files</Filter>
    </ClInclude>
    <ClInclude Include="lief\include\LIEF\ELF\NoteDetails\core\CoreAuxv.hpp">
      <Filter>Header Files</Filter>
    </ClInclude>
    <ClInclude Include="lief\include\LIEF\ELF\NoteDetails\core\CoreFile.hpp">
      <Filter>Header Files</Filter>
    </ClInclude>
    <ClInclude Include="lief\include\LIEF\ELF\NoteDetails\core\CorePrPsInfo.hpp">
      <Filter>Header Files</Filter>
    </ClInclude>
    <ClInclude Include="lief\include\LIEF\ELF\NoteDetails\core\CorePrStatus.hpp">
      <Filter>Header Files</Filter>
    </ClInclude>
    <ClInclude Include="lief\include\LIEF\ELF\NoteDetails\core\CoreSigInfo.hpp">
      <Filter>Header Files</Filter>
    </ClInclude>
    <ClInclude Include="lief\include\LIEF\ELF\NoteDetails\AndroidNote.hpp">
      <Filter>Header Files</Filter>
    </ClInclude>
    <ClInclude Include="lief\include\LIEF\ELF\NoteDetails\Core.hpp">
      <Filter>Header Files</Filter>
    </ClInclude>
    <ClInclude Include="lief\include\LIEF\ELF\NoteDetails\NoteAbi.hpp">
      <Filter>Header Files</Filter>
    </ClInclude>
    <ClInclude Include="lief\include\LIEF\ELF\Binary.hpp">
      <Filter>Header Files</Filter>
    </ClInclude>
    <ClInclude Include="lief\include\LIEF\ELF\Builder.hpp">
      <Filter>Header Files</Filter>
    </ClInclude>
    <ClInclude Include="lief\include\LIEF\ELF\DynamicEntry.hpp">
      <Filter>Header Files</Filter>
    </ClInclude>
    <ClInclude Include="lief\include\LIEF\ELF\DynamicEntryArray.hpp">
      <Filter>Header Files</Filter>
    </ClInclude>
    <ClInclude Include="lief\include\LIEF\ELF\DynamicEntryFlags.hpp">
      <Filter>Header Files</Filter>
    </ClInclude>
    <ClInclude Include="lief\include\LIEF\ELF\DynamicEntryLibrary.hpp">
      <Filter>Header Files</Filter>
    </ClInclude>
    <ClInclude Include="lief\include\LIEF\ELF\DynamicEntryRpath.hpp">
      <Filter>Header Files</Filter>
    </ClInclude>
    <ClInclude Include="lief\include\LIEF\ELF\DynamicEntryRunPath.hpp">
      <Filter>Header Files</Filter>
    </ClInclude>
    <ClInclude Include="lief\include\LIEF\ELF\DynamicSharedObject.hpp">
      <Filter>Header Files</Filter>
    </ClInclude>
    <ClInclude Include="lief\include\LIEF\ELF\enums.h">
      <Filter>Header Files</Filter>
    </ClInclude>
    <ClInclude Include="lief\include\LIEF\ELF\enums.hpp">
      <Filter>Header Files</Filter>
    </ClInclude>
    <ClInclude Include="lief\include\LIEF\ELF\EnumToString.hpp">
      <Filter>Header Files</Filter>
    </ClInclude>
    <ClInclude Include="lief\include\LIEF\ELF\GnuHash.hpp">
      <Filter>Header Files</Filter>
    </ClInclude>
    <ClInclude Include="lief\include\LIEF\ELF\hash.hpp">
      <Filter>Header Files</Filter>
    </ClInclude>
    <ClInclude Include="lief\include\LIEF\ELF\Header.hpp">
      <Filter>Header Files</Filter>
    </ClInclude>
    <ClInclude Include="lief\include\LIEF\ELF\json.hpp">
      <Filter>Header Files</Filter>
    </ClInclude>
    <ClInclude Include="lief\include\LIEF\ELF\Note.hpp">
      <Filter>Header Files</Filter>
    </ClInclude>
    <ClInclude Include="lief\include\LIEF\ELF\NoteDetails.hpp">
      <Filter>Header Files</Filter>
    </ClInclude>
    <ClInclude Include="lief\include\LIEF\ELF\Parser.hpp">
      <Filter>Header Files</Filter>
    </ClInclude>
    <ClInclude Include="lief\include\LIEF\ELF\Relocation.hpp">
      <Filter>Header Files</Filter>
    </ClInclude>
    <ClInclude Include="lief\include\LIEF\ELF\RelocationSizes.hpp">
      <Filter>Header Files</Filter>
    </ClInclude>
    <ClInclude Include="lief\include\LIEF\ELF\Section.hpp">
      <Filter>Header Files</Filter>
    </ClInclude>
    <ClInclude Include="lief\include\LIEF\ELF\Segment.hpp">
      <Filter>Header Files</Filter>
    </ClInclude>
    <ClInclude Include="lief\include\LIEF\ELF\structures.h">
      <Filter>Header Files</Filter>
    </ClInclude>
    <ClInclude Include="lief\include\LIEF\ELF\Structures.hpp">
      <Filter>Header Files</Filter>
    </ClInclude>
    <ClInclude Include="lief\include\LIEF\ELF\Symbol.hpp">
      <Filter>Header Files</Filter>
    </ClInclude>
    <ClInclude Include="lief\include\LIEF\ELF\SymbolVersion.hpp">
      <Filter>Header Files</Filter>
    </ClInclude>
    <ClInclude Include="lief\include\LIEF\ELF\SymbolVersionAux.hpp">
      <Filter>Header Files</Filter>
    </ClInclude>
    <ClInclude Include="lief\include\LIEF\ELF\SymbolVersionAuxRequirement.hpp">
      <Filter>Header Files</Filter>
    </ClInclude>
    <ClInclude Include="lief\include\LIEF\ELF\SymbolVersionDefinition.hpp">
      <Filter>Header Files</Filter>
    </ClInclude>
    <ClInclude Include="lief\include\LIEF\ELF\SymbolVersionRequirement.hpp">
      <Filter>Header Files</Filter>
    </ClInclude>
    <ClInclude Include="lief\include\LIEF\ELF\SysvHash.hpp">
      <Filter>Header Files</Filter>
    </ClInclude>
    <ClInclude Include="lief\include\LIEF\ELF\type_traits.hpp">
      <Filter>Header Files</Filter>
    </ClInclude>
    <ClInclude Include="lief\include\LIEF\ELF\undef.h">
      <Filter>Header Files</Filter>
    </ClInclude>
    <ClInclude Include="lief\include\LIEF\ELF\utils.hpp">
      <Filter>Header Files</Filter>
    </ClInclude>
    <ClInclude Include="lief\include\LIEF\MachO\Binary.hpp">
      <Filter>Header Files</Filter>
    </ClInclude>
    <ClInclude Include="lief\include\LIEF\MachO\BinaryParser.hpp">
      <Filter>Header Files</Filter>
    </ClInclude>
    <ClInclude Include="lief\include\LIEF\MachO\BindingInfo.hpp">
      <Filter>Header Files</Filter>
    </ClInclude>
    <ClInclude Include="lief\include\LIEF\MachO\Builder.hpp">
      <Filter>Header Files</Filter>
    </ClInclude>
    <ClInclude Include="lief\include\LIEF\MachO\BuildVersion.hpp">
      <Filter>Header Files</Filter>
    </ClInclude>
    <ClInclude Include="lief\include\LIEF\MachO\CodeSignature.hpp">
      <Filter>Header Files</Filter>
    </ClInclude>
    <ClInclude Include="lief\include\LIEF\MachO\DataCodeEntry.hpp">
      <Filter>Header Files</Filter>
    </ClInclude>
    <ClInclude Include="lief\include\LIEF\MachO\DataInCode.hpp">
      <Filter>Header Files</Filter>
    </ClInclude>
    <ClInclude Include="lief\include\LIEF\MachO\DyldEnvironment.hpp">
      <Filter>Header Files</Filter>
    </ClInclude>
    <ClInclude Include="lief\include\LIEF\MachO\DyldInfo.hpp">
      <Filter>Header Files</Filter>
    </ClInclude>
    <ClInclude Include="lief\include\LIEF\MachO\DylibCommand.hpp">
      <Filter>Header Files</Filter>
    </ClInclude>
    <ClInclude Include="lief\include\LIEF\MachO\DylinkerCommand.hpp">
      <Filter>Header Files</Filter>
    </ClInclude>
    <ClInclude Include="lief\include\LIEF\MachO\DynamicSymbolCommand.hpp">
      <Filter>Header Files</Filter>
    </ClInclude>
    <ClInclude Include="lief\include\LIEF\MachO\EncryptionInfo.hpp">
      <Filter>Header Files</Filter>
    </ClInclude>
    <ClInclude Include="lief\include\LIEF\MachO\enums.h">
      <Filter>Header Files</Filter>
    </ClInclude>
    <ClInclude Include="lief\include\LIEF\MachO\enums.hpp">
      <Filter>Header Files</Filter>
    </ClInclude>
    <ClInclude Include="lief\include\LIEF\MachO\EnumToString.hpp">
      <Filter>Header Files</Filter>
    </ClInclude>
    <ClInclude Include="lief\include\LIEF\MachO\ExportInfo.hpp">
      <Filter>Header Files</Filter>
    </ClInclude>
    <ClInclude Include="lief\include\LIEF\MachO\FatBinary.hpp">
      <Filter>Header Files</Filter>
    </ClInclude>
    <ClInclude Include="lief\include\LIEF\MachO\FunctionStarts.hpp">
      <Filter>Header Files</Filter>
    </ClInclude>
    <ClInclude Include="lief\include\LIEF\MachO\hash.hpp">
      <Filter>Header Files</Filter>
    </ClInclude>
    <ClInclude Include="lief\include\LIEF\MachO\Header.hpp">
      <Filter>Header Files</Filter>
    </ClInclude>
    <ClInclude Include="lief\include\LIEF\MachO\json.hpp">
      <Filter>Header Files</Filter>
    </ClInclude>
    <ClInclude Include="lief\include\LIEF\MachO\LoadCommand.hpp">
      <Filter>Header Files</Filter>
    </ClInclude>
    <ClInclude Include="lief\include\LIEF\MachO\MainCommand.hpp">
      <Filter>Header Files</Filter>
    </ClInclude>
    <ClInclude Include="lief\include\LIEF\MachO\Parser.hpp">
      <Filter>Header Files</Filter>
    </ClInclude>
    <ClInclude Include="lief\include\LIEF\MachO\ParserConfig.hpp">
      <Filter>Header Files</Filter>
    </ClInclude>
    <ClInclude Include="lief\include\LIEF\MachO\Relocation.hpp">
      <Filter>Header Files</Filter>
    </ClInclude>
    <ClInclude Include="lief\include\LIEF\MachO\RelocationDyld.hpp">
      <Filter>Header Files</Filter>
    </ClInclude>
    <ClInclude Include="lief\include\LIEF\MachO\RelocationObject.hpp">
      <Filter>Header Files</Filter>
    </ClInclude>
    <ClInclude Include="lief\include\LIEF\MachO\RPathCommand.hpp">
      <Filter>Header Files</Filter>
    </ClInclude>
    <ClInclude Include="lief\include\LIEF\MachO\Section.hpp">
      <Filter>Header Files</Filter>
    </ClInclude>
    <ClInclude Include="lief\include\LIEF\MachO\SegmentCommand.hpp">
      <Filter>Header Files</Filter>
    </ClInclude>
    <ClInclude Include="lief\include\LIEF\MachO\SegmentSplitInfo.hpp">
      <Filter>Header Files</Filter>
    </ClInclude>
    <ClInclude Include="lief\include\LIEF\MachO\SourceVersion.hpp">
      <Filter>Header Files</Filter>
    </ClInclude>
    <ClInclude Include="lief\include\LIEF\MachO\structures.h">
      <Filter>Header Files</Filter>
    </ClInclude>
    <ClInclude Include="lief\include\LIEF\MachO\Structures.hpp">
      <Filter>Header Files</Filter>
    </ClInclude>
    <ClInclude Include="lief\include\LIEF\MachO\SubFramework.hpp">
      <Filter>Header Files</Filter>
    </ClInclude>
    <ClInclude Include="lief\include\LIEF\MachO\Symbol.hpp">
      <Filter>Header Files</Filter>
    </ClInclude>
    <ClInclude Include="lief\include\LIEF\MachO\SymbolCommand.hpp">
      <Filter>Header Files</Filter>
    </ClInclude>
    <ClInclude Include="lief\include\LIEF\MachO\ThreadCommand.hpp">
      <Filter>Header Files</Filter>
    </ClInclude>
    <ClInclude Include="lief\include\LIEF\MachO\type_traits.hpp">
      <Filter>Header Files</Filter>
    </ClInclude>
    <ClInclude Include="lief\include\LIEF\MachO\undef.h">
      <Filter>Header Files</Filter>
    </ClInclude>
    <ClInclude Include="lief\include\LIEF\MachO\utils.hpp">
      <Filter>Header Files</Filter>
    </ClInclude>
    <ClInclude Include="lief\include\LIEF\MachO\UUIDCommand.hpp">
      <Filter>Header Files</Filter>
    </ClInclude>
    <ClInclude Include="lief\include\LIEF\MachO\VersionMin.hpp">
      <Filter>Header Files</Filter>
    </ClInclude>
    <ClInclude Include="lief\include\LIEF\OAT\Binary.hpp">
      <Filter>Header Files</Filter>
    </ClInclude>
    <ClInclude Include="lief\include\LIEF\OAT\Class.hpp">
      <Filter>Header Files</Filter>
    </ClInclude>
    <ClInclude Include="lief\include\LIEF\OAT\DexFile.hpp">
      <Filter>Header Files</Filter>
    </ClInclude>
    <ClInclude Include="lief\include\LIEF\OAT\enums.hpp">
      <Filter>Header Files</Filter>
    </ClInclude>
    <ClInclude Include="lief\include\LIEF\OAT\EnumToString.hpp">
      <Filter>Header Files</Filter>
    </ClInclude>
    <ClInclude Include="lief\include\LIEF\OAT\hash.hpp">
      <Filter>Header Files</Filter>
    </ClInclude>
    <ClInclude Include="lief\include\LIEF\OAT\Header.hpp">
      <Filter>Header Files</Filter>
    </ClInclude>
    <ClInclude Include="lief\include\LIEF\OAT\json.hpp">
      <Filter>Header Files</Filter>
    </ClInclude>
    <ClInclude Include="lief\include\LIEF\OAT\Method.hpp">
      <Filter>Header Files</Filter>
    </ClInclude>
    <ClInclude Include="lief\include\LIEF\OAT\Parser.hpp">
      <Filter>Header Files</Filter>
    </ClInclude>
    <ClInclude Include="lief\include\LIEF\OAT\Structures.hpp">
      <Filter>Header Files</Filter>
    </ClInclude>
    <ClInclude Include="lief\include\LIEF\OAT\type_traits.hpp">
      <Filter>Header Files</Filter>
    </ClInclude>
    <ClInclude Include="lief\include\LIEF\OAT\utils.hpp">
      <Filter>Header Files</Filter>
    </ClInclude>
    <ClInclude Include="lief\include\LIEF\PE\LoadConfigurations\LoadConfiguration.hpp">
      <Filter>Header Files</Filter>
    </ClInclude>
    <ClInclude Include="lief\include\LIEF\PE\LoadConfigurations\LoadConfigurationV0.hpp">
      <Filter>Header Files</Filter>
    </ClInclude>
    <ClInclude Include="lief\include\LIEF\PE\LoadConfigurations\LoadConfigurationV1.hpp">
      <Filter>Header Files</Filter>
    </ClInclude>
    <ClInclude Include="lief\include\LIEF\PE\LoadConfigurations\LoadConfigurationV2.hpp">
      <Filter>Header Files</Filter>
    </ClInclude>
    <ClInclude Include="lief\include\LIEF\PE\LoadConfigurations\LoadConfigurationV3.hpp">
      <Filter>Header Files</Filter>
    </ClInclude>
    <ClInclude Include="lief\include\LIEF\PE\LoadConfigurations\LoadConfigurationV4.hpp">
      <Filter>Header Files</Filter>
    </ClInclude>
    <ClInclude Include="lief\include\LIEF\PE\LoadConfigurations\LoadConfigurationV5.hpp">
      <Filter>Header Files</Filter>
    </ClInclude>
    <ClInclude Include="lief\include\LIEF\PE\LoadConfigurations\LoadConfigurationV6.hpp">
      <Filter>Header Files</Filter>
    </ClInclude>
    <ClInclude Include="lief\include\LIEF\PE\LoadConfigurations\LoadConfigurationV7.hpp">
      <Filter>Header Files</Filter>
    </ClInclude>
    <ClInclude Include="lief\include\LIEF\PE\resources\LangCodeItem.hpp">
      <Filter>Header Files</Filter>
    </ClInclude>
    <ClInclude Include="lief\include\LIEF\PE\resources\ResourceAccelerator.hpp">
      <Filter>Header Files</Filter>
    </ClInclude>
    <ClInclude Include="lief\include\LIEF\PE\resources\ResourceDialog.hpp">
      <Filter>Header Files</Filter>
    </ClInclude>
    <ClInclude Include="lief\include\LIEF\PE\resources\ResourceDialogItem.hpp">
      <Filter>Header Files</Filter>
    </ClInclude>
    <ClInclude Include="lief\include\LIEF\PE\resources\ResourceFixedFileInfo.hpp">
      <Filter>Header Files</Filter>
    </ClInclude>
    <ClInclude Include="lief\include\LIEF\PE\resources\ResourceIcon.hpp">
      <Filter>Header Files</Filter>
    </ClInclude>
    <ClInclude Include="lief\include\LIEF\PE\resources\ResourceStringFileInfo.hpp">
      <Filter>Header Files</Filter>
    </ClInclude>
    <ClInclude Include="lief\include\LIEF\PE\resources\ResourceStringTable.hpp">
      <Filter>Header Files</Filter>
    </ClInclude>
    <ClInclude Include="lief\include\LIEF\PE\resources\ResourceVarFileInfo.hpp">
      <Filter>Header Files</Filter>
    </ClInclude>
    <ClInclude Include="lief\include\LIEF\PE\resources\ResourceVersion.hpp">
      <Filter>Header Files</Filter>
    </ClInclude>
    <ClInclude Include="lief\include\LIEF\PE\signature\AuthenticatedAttributes.hpp">
      <Filter>Header Files</Filter>
    </ClInclude>
    <ClInclude Include="lief\include\LIEF\PE\signature\ContentInfo.hpp">
      <Filter>Header Files</Filter>
    </ClInclude>
    <ClInclude Include="lief\include\LIEF\PE\signature\OIDToString.hpp">
      <Filter>Header Files</Filter>
    </ClInclude>
    <ClInclude Include="lief\include\LIEF\PE\signature\Signature.hpp">
      <Filter>Header Files</Filter>
    </ClInclude>
    <ClInclude Include="lief\include\LIEF\PE\signature\SignatureParser.hpp">
      <Filter>Header Files</Filter>
    </ClInclude>
    <ClInclude Include="lief\include\LIEF\PE\signature\SignerInfo.hpp">
      <Filter>Header Files</Filter>
    </ClInclude>
    <ClInclude Include="lief\include\LIEF\PE\signature\types.hpp">
      <Filter>Header Files</Filter>
    </ClInclude>
    <ClInclude Include="lief\include\LIEF\PE\signature\x509.hpp">
      <Filter>Header Files</Filter>
    </ClInclude>
    <ClInclude Include="lief\include\LIEF\PE\AuxiliarySymbol.hpp">
      <Filter>Header Files</Filter>
    </ClInclude>
    <ClInclude Include="lief\include\LIEF\PE\Binary.hpp">
      <Filter>Header Files</Filter>
    </ClInclude>
    <ClInclude Include="lief\include\LIEF\PE\Builder.hpp">
      <Filter>Header Files</Filter>
    </ClInclude>
    <ClInclude Include="lief\include\LIEF\PE\CodeIntegrity.hpp">
      <Filter>Header Files</Filter>
    </ClInclude>
    <ClInclude Include="lief\include\LIEF\PE\CodeView.hpp">
      <Filter>Header Files</Filter>
    </ClInclude>
    <ClInclude Include="lief\include\LIEF\PE\CodeViewPDB.hpp">
      <Filter>Header Files</Filter>
    </ClInclude>
    <ClInclude Include="lief\include\LIEF\PE\DataDirectory.hpp">
      <Filter>Header Files</Filter>
    </ClInclude>
    <ClInclude Include="lief\include\LIEF\PE\Debug.hpp">
      <Filter>Header Files</Filter>
    </ClInclude>
    <ClInclude Include="lief\include\LIEF\PE\DosHeader.hpp">
      <Filter>Header Files</Filter>
    </ClInclude>
    <ClInclude Include="lief\include\LIEF\PE\enums.h">
      <Filter>Header Files</Filter>
    </ClInclude>
    <ClInclude Include="lief\include\LIEF\PE\enums.hpp">
      <Filter>Header Files</Filter>
    </ClInclude>
    <ClInclude Include="lief\include\LIEF\PE\EnumToString.hpp">
      <Filter>Header Files</Filter>
    </ClInclude>
    <ClInclude Include="lief\include\LIEF\PE\Export.hpp">
      <Filter>Header Files</Filter>
    </ClInclude>
    <ClInclude Include="lief\include\LIEF\PE\ExportEntry.hpp">
      <Filter>Header Files</Filter>
    </ClInclude>
    <ClInclude Include="lief\include\LIEF\PE\hash.hpp">
      <Filter>Header Files</Filter>
    </ClInclude>
    <ClInclude Include="lief\include\LIEF\PE\Header.hpp">
      <Filter>Header Files</Filter>
    </ClInclude>
    <ClInclude Include="lief\include\LIEF\PE\Import.hpp">
      <Filter>Header Files</Filter>
    </ClInclude>
    <ClInclude Include="lief\include\LIEF\PE\ImportEntry.hpp">
      <Filter>Header Files</Filter>
    </ClInclude>
    <ClInclude Include="lief\include\LIEF\PE\json.hpp">
      <Filter>Header Files</Filter>
    </ClInclude>
    <ClInclude Include="lief\include\LIEF\PE\LoadConfigurations.hpp">
      <Filter>Header Files</Filter>
    </ClInclude>
    <ClInclude Include="lief\include\LIEF\PE\OptionalHeader.hpp">
      <Filter>Header Files</Filter>
    </ClInclude>
    <ClInclude Include="lief\include\LIEF\PE\Parser.hpp">
      <Filter>Header Files</Filter>
    </ClInclude>
    <ClInclude Include="lief\include\LIEF\PE\Pogo.hpp">
      <Filter>Header Files</Filter>
    </ClInclude>
    <ClInclude Include="lief\include\LIEF\PE\PogoEntry.hpp">
      <Filter>Header Files</Filter>
    </ClInclude>
    <ClInclude Include="lief\include\LIEF\PE\Relocation.hpp">
      <Filter>Header Files</Filter>
    </ClInclude>
    <ClInclude Include="lief\include\LIEF\PE\RelocationEntry.hpp">
      <Filter>Header Files</Filter>
    </ClInclude>
    <ClInclude Include="lief\include\LIEF\PE\ResourceData.hpp">
      <Filter>Header Files</Filter>
    </ClInclude>
    <ClInclude Include="lief\include\LIEF\PE\ResourceDirectory.hpp">
      <Filter>Header Files</Filter>
    </ClInclude>
    <ClInclude Include="lief\include\LIEF\PE\ResourceNode.hpp">
      <Filter>Header Files</Filter>
    </ClInclude>
    <ClInclude Include="lief\include\LIEF\PE\ResourcesManager.hpp">
      <Filter>Header Files</Filter>
    </ClInclude>
    <ClInclude Include="lief\include\LIEF\PE\RichEntry.hpp">
      <Filter>Header Files</Filter>
    </ClInclude>
    <ClInclude Include="lief\include\LIEF\PE\RichHeader.hpp">
      <Filter>Header Files</Filter>
    </ClInclude>
    <ClInclude Include="lief\include\LIEF\PE\Section.hpp">
      <Filter>Header Files</Filter>
    </ClInclude>
    <ClInclude Include="lief\include\LIEF\PE\structures.h">
      <Filter>Header Files</Filter>
    </ClInclude>
    <ClInclude Include="lief\include\LIEF\PE\Structures.hpp">
      <Filter>Header Files</Filter>
    </ClInclude>
    <ClInclude Include="lief\include\LIEF\PE\Symbol.hpp">
      <Filter>Header Files</Filter>
    </ClInclude>
    <ClInclude Include="lief\include\LIEF\PE\TLS.hpp">
      <Filter>Header Files</Filter>
    </ClInclude>
    <ClInclude Include="lief\include\LIEF\PE\type_traits.hpp">
      <Filter>Header Files</Filter>
    </ClInclude>
    <ClInclude Include="lief\include\LIEF\PE\undef.h">
      <Filter>Header Files</Filter>
    </ClInclude>
    <ClInclude Include="lief\include\LIEF\PE\utils.hpp">
      <Filter>Header Files</Filter>
    </ClInclude>
    <ClInclude Include="lief\include\LIEF\platforms\android\version.hpp">
      <Filter>Header Files</Filter>
    </ClInclude>
    <ClInclude Include="lief\include\LIEF\platforms\android.hpp">
      <Filter>Header Files</Filter>
    </ClInclude>
    <ClInclude Include="lief\include\LIEF\third-party\json.hpp">
      <Filter>Header Files</Filter>
    </ClInclude>
    <ClInclude Include="lief\include\LIEF\VDEX\enums.hpp">
      <Filter>Header Files</Filter>
    </ClInclude>
    <ClInclude Include="lief\include\LIEF\VDEX\EnumToString.hpp">
      <Filter>Header Files</Filter>
    </ClInclude>
    <ClInclude Include="lief\include\LIEF\VDEX\File.hpp">
      <Filter>Header Files</Filter>
    </ClInclude>
    <ClInclude Include="lief\include\LIEF\VDEX\hash.hpp">
      <Filter>Header Files</Filter>
    </ClInclude>
    <ClInclude Include="lief\include\LIEF\VDEX\Header.hpp">
      <Filter>Header Files</Filter>
    </ClInclude>
    <ClInclude Include="lief\include\LIEF\VDEX\json.hpp">
      <Filter>Header Files</Filter>
    </ClInclude>
    <ClInclude Include="lief\include\LIEF\VDEX\Parser.hpp">
      <Filter>Header Files</Filter>
    </ClInclude>
    <ClInclude Include="lief\include\LIEF\VDEX\Structures.hpp">
      <Filter>Header Files</Filter>
    </ClInclude>
    <ClInclude Include="lief\include\LIEF\VDEX\type_traits.hpp">
      <Filter>Header Files</Filter>
    </ClInclude>
    <ClInclude Include="lief\include\LIEF\VDEX\utils.hpp">
      <Filter>Header Files</Filter>
    </ClInclude>
    <ClInclude Include="lief\include\LIEF\visitors\json.hpp">
      <Filter>Header Files</Filter>
    </ClInclude>
    <ClInclude Include="lief\include\LIEF\Abstract.hpp">
      <Filter>Header Files</Filter>
    </ClInclude>
    <ClInclude Include="lief\include\LIEF\ART.hpp">
      <Filter>Header Files</Filter>
    </ClInclude>
    <ClInclude Include="lief\include\LIEF\associative_iterators.hpp">
      <Filter>Header Files</Filter>
    </ClInclude>
    <ClInclude Include="lief\include\LIEF\config.h">
      <Filter>Header Files</Filter>
    </ClInclude>
    <ClInclude Include="lief\include\LIEF\DEX.hpp">
      <Filter>Header Files</Filter>
    </ClInclude>
    <ClInclude Include="lief\include\LIEF\DWARF.hpp">
      <Filter>Header Files</Filter>
    </ClInclude>
    <ClInclude Include="lief\include\LIEF\ELF.hpp">
      <Filter>Header Files</Filter>
    </ClInclude>
    <ClInclude Include="lief\include\LIEF\enums.hpp">
      <Filter>Header Files</Filter>
    </ClInclude>
    <ClInclude Include="lief\include\LIEF\exception.hpp">
      <Filter>Header Files</Filter>
    </ClInclude>
    <ClInclude Include="lief\include\LIEF\hash.hpp">
      <Filter>Header Files</Filter>
    </ClInclude>
    <ClInclude Include="lief\include\LIEF\iostream.hpp">
      <Filter>Header Files</Filter>
    </ClInclude>
    <ClInclude Include="lief\include\LIEF\iterators.hpp">
      <Filter>Header Files</Filter>
    </ClInclude>
    <ClInclude Include="lief\include\LIEF\json.hpp">
      <Filter>Header Files</Filter>
    </ClInclude>
    <ClInclude Include="lief\include\LIEF\LIEF.hpp">
      <Filter>Header Files</Filter>
    </ClInclude>
    <ClInclude Include="lief\include\LIEF\logging.hpp">
      <Filter>Header Files</Filter>
    </ClInclude>
    <ClInclude Include="lief\include\LIEF\MachO.hpp">
      <Filter>Header Files</Filter>
    </ClInclude>
    <ClInclude Include="lief\include\LIEF\OAT.hpp">
      <Filter>Header Files</Filter>
    </ClInclude>
    <ClInclude Include="lief\include\LIEF\Object.hpp">
      <Filter>Header Files</Filter>
    </ClInclude>
    <ClInclude Include="lief\include\LIEF\PE.hpp">
      <Filter>Header Files</Filter>
    </ClInclude>
    <ClInclude Include="lief\include\LIEF\platforms.hpp">
      <Filter>Header Files</Filter>
    </ClInclude>
    <ClInclude Include="lief\include\LIEF\to_json.hpp">
      <Filter>Header Files</Filter>
    </ClInclude>
    <ClInclude Include="lief\include\LIEF\types.hpp">
      <Filter>Header Files</Filter>
    </ClInclude>
    <ClInclude Include="lief\include\LIEF\utils.hpp">
      <Filter>Header Files</Filter>
    </ClInclude>
    <ClInclude Include="lief\include\LIEF\VDEX.hpp">
      <Filter>Header Files</Filter>
    </ClInclude>
    <ClInclude Include="lief\include\LIEF\version.h">
      <Filter>Header Files</Filter>
    </ClInclude>
    <ClInclude Include="lief\include\LIEF\visibility.h">
      <Filter>Header Files</Filter>
    </ClInclude>
    <ClInclude Include="lief\include\LIEF\Visitor.hpp">
      <Filter>Header Files</Filter>
    </ClInclude>
    <ClInclude Include="lief\include\LIEF\visitor_macros.hpp">
      <Filter>Header Files</Filter>
    </ClInclude>
    <ClInclude Include="utils.hpp">
      <Filter>Header Files</Filter>
    </ClInclude>
  </ItemGroup>
  <ItemGroup>
    <None Include="lief\include\LIEF\ART\enums.inc">
      <Filter>Header Files</Filter>
    </None>
    <None Include="lief\include\LIEF\ART\structures.inc">
      <Filter>Header Files</Filter>
    </None>
    <None Include="lief\include\LIEF\DEX\enums.inc">
      <Filter>Header Files</Filter>
    </None>
    <None Include="lief\include\LIEF\DEX\structures.inc">
      <Filter>Header Files</Filter>
    </None>
    <None Include="lief\include\LIEF\ELF\Relocations\AArch64.def">
      <Filter>Source Files</Filter>
    </None>
    <None Include="lief\include\LIEF\ELF\Relocations\ARM.def">
      <Filter>Source Files</Filter>
    </None>
    <None Include="lief\include\LIEF\ELF\Relocations\Hexagon.def">
      <Filter>Source Files</Filter>
    </None>
    <None Include="lief\include\LIEF\ELF\Relocations\i386.def">
      <Filter>Source Files</Filter>
    </None>
    <None Include="lief\include\LIEF\ELF\Relocations\Mips.def">
      <Filter>Source Files</Filter>
    </None>
    <None Include="lief\include\LIEF\ELF\Relocations\PowerPC.def">
      <Filter>Source Files</Filter>
    </None>
    <None Include="lief\include\LIEF\ELF\Relocations\PowerPC64.def">
      <Filter>Source Files</Filter>
    </None>
    <None Include="lief\include\LIEF\ELF\Relocations\Sparc.def">
      <Filter>Source Files</Filter>
    </None>
    <None Include="lief\include\LIEF\ELF\Relocations\SystemZ.def">
      <Filter>Source Files</Filter>
    </None>
    <None Include="lief\include\LIEF\ELF\Relocations\x86_64.def">
      <Filter>Source Files</Filter>
    </None>
    <None Include="lief\include\LIEF\ELF\enums.inc">
      <Filter>Header Files</Filter>
    </None>
    <None Include="lief\include\LIEF\ELF\structures.inc">
      <Filter>Header Files</Filter>
    </None>
    <None Include="lief\include\LIEF\MachO\enums.inc">
      <Filter>Header Files</Filter>
    </None>
    <None Include="lief\include\LIEF\MachO\structures.inc">
      <Filter>Header Files</Filter>
    </None>
    <None Include="lief\include\LIEF\OAT\enums.inc">
      <Filter>Header Files</Filter>
    </None>
    <None Include="lief\include\LIEF\OAT\structures.inc">
      <Filter>Header Files</Filter>
    </None>
    <None Include="lief\include\LIEF\PE\enums.inc">
      <Filter>Header Files</Filter>
    </None>
    <None Include="lief\include\LIEF\PE\structures.inc">
      <Filter>Header Files</Filter>
    </None>
    <None Include="lief\include\LIEF\VDEX\enums.inc">
      <Filter>Header Files</Filter>
    </None>
    <None Include="lief\include\LIEF\VDEX\structures.inc">
      <Filter>Header Files</Filter>
    </None>
  </ItemGroup>
</Project>